
Microsoft Visual Studio Solution File, Format Version 12.00
# Visual Studio Version 16
VisualStudioVersion = 25.0.1704.2
MinimumVisualStudioVersion = 10.0.40219.1
Project("{FAE04EC0-301F-11D3-BF4B-00C04F79EFBC}") = "Lab7 Dice Roller", "Lab7 Dice Roller\Lab7 Dice Roller.csproj", "{5AFFDEF6-7599-433D-9C36-2D33F1D7D30C}"
EndProject
Global
	GlobalSection(SolutionConfigurationPlatforms) = preSolution
		Debug|Any CPU = Debug|Any CPU
		Release|Any CPU = Release|Any CPU
	EndGlobalSection
	GlobalSection(ProjectConfigurationPlatforms) = postSolution
		{5AFFDEF6-7599-433D-9C36-2D33F1D7D30C}.Debug|Any CPU.ActiveCfg = Debug|Any CPU
		{5AFFDEF6-7599-433D-9C36-2D33F1D7D30C}.Debug|Any CPU.Build.0 = Debug|Any CPU
		{5AFFDEF6-7599-433D-9C36-2D33F1D7D30C}.Release|Any CPU.ActiveCfg = Release|Any CPU
		{5AFFDEF6-7599-433D-9C36-2D33F1D7D30C}.Release|Any CPU.Build.0 = Release|Any CPU
	EndGlobalSection
	GlobalSection(SolutionProperties) = preSolution
		HideSolutionNode = FALSE
	EndGlobalSection
	GlobalSection(ExtensibilityGlobals) = postSolution
		SolutionGuid = {F2391D10-0E70-4879-8A27-E88D05469D82}
	EndGlobalSection
EndGlobal
